// !$*UTF8*$!
{
	archiveVersion = 1;
	classes = {
	};
	objectVersion = 77;
	objects = {

/* Begin PBXContainerItemProxy section */
		9FAACE0E2FFE6EDA00588F00 /* PBXContainerItemProxy */ = {
			isa = PBXContainerItemProxy;
			containerPortal = 9FAACDEF2FFE6ED800588F00 /* Project object */;
			proxyType = 1;
			remoteGlobalIDString = 9FAACDF62FFE6ED800588F00;
			remoteInfo = Watermarkly;
		};
		9FAACE182FFE6EDA00588F00 /* PBXContainerItemProxy */ = {
			isa = PBXContainerItemProxy;
			containerPortal = 9FAACDEF2FFE6ED800588F00 /* Project object */;
			proxyType = 1;
			remoteGlobalIDString = 9FAACDF62FFE6ED800588F00;
			remoteInfo = Watermarkly;
		};
/* End PBXContainerItemProxy section */

/* Begin PBXFileReference section */
		9FAACDF72FFE6ED800588F00 /* Watermarkly.app */ = {isa = PBXFileReference; explicitFileType = wrapper.application; includeInIndex = 0; path = Watermarkly.app; sourceTree = BUILT_PRODUCTS_DIR; };
		9FAACE0D2FFE6EDA00588F00 /* WatermarklyTests.xctest */ = {isa = PBXFileReference; explicitFileType = wrapper.cfbundle; includeInIndex = 0; path = WatermarklyTests.xctest; sourceTree = BUILT_PRODUCTS_DIR; };
		9FAACE172FFE6EDA00588F00 /* WatermarklyUITests.xctest */ = {isa = PBXFileReference; explicitFileType = wrapper.cfbundle; includeInIndex = 0; path = WatermarklyUITests.xctest; sourceTree = BUILT_PRODUCTS_DIR; };
/* End PBXFileReference section */

/* Begin PBXFileSystemSynchronizedBuildFileExceptionSet section */
		9FAACE1F2FFE6EDA00588F00 /* Exceptions for "Watermarkly" folder in "Watermarkly" target */ = {
			isa = PBXFileSystemSynchronizedBuildFileExceptionSet;
			membershipExceptions = (
				Info.plist,
			);
			target = 9FAACDF62FFE6ED800588F00 /* Watermarkly */;
		};
/* End PBXFileSystemSynchronizedBuildFileExceptionSet section */

/* Begin PBXFileSystemSynchronizedRootGroup section */
		9FAACDF92FFE6ED800588F00 /* Watermarkly */ = {
			isa = PBXFileSystemSynchronizedRootGroup;
			exceptions = (
				9FAACE1F2FFE6EDA00588F00 /* Exceptions for "Watermarkly" folder in "Watermarkly" target */,
			);
			path = Watermarkly;
			sourceTree = "<group>";
		};
		9FAACE102FFE6EDA00588F00 /* WatermarklyTests */ = {
			isa = PBXFileSystemSynchronizedRootGroup;
			path = WatermarklyTests;
			sourceTree = "<group>";
		};
		9FAACE1A2FFE6EDA00588F00 /* WatermarklyUITests */ = {
			isa = PBXFileSystemSynchronizedRootGroup;
			path = WatermarklyUITests;
			sourceTree = "<group>";
		};
/* End PBXFileSystemSynchronizedRootGroup section */

/* Begin PBXFrameworksBuildPhase section */
		9FAACDF42FFE6ED800588F00 /* Frameworks */ = {
			isa = PBXFrameworksBuildPhase;
			buildActionMask = 2147483647;
			files = (
			);
			runOnlyForDeploymentPostprocessing = 0;
		};
		9FAACE0A2FFE6EDA00588F00 /* Frameworks */ = {
			isa = PBXFrameworksBuildPhase;
			buildActionMask = 2147483647;
			files = (
			);
			runOnlyForDeploymentPostprocessing = 0;
		};
		9FAACE142FFE6EDA00588F00 /* Frameworks */ = {
			isa = PBXFrameworksBuildPhase;
			buildActionMask = 2147483647;
			files = (
			);
			runOnlyForDeploymentPostprocessing = 0;
		};
/* End PBXFrameworksBuildPhase section */

/* Begin PBXGroup section */
		9FAACDEE2FFE6ED800588F00 = {
			isa = PBXGroup;
			children = (
				9FAACDF92FFE6ED800588F00 /* Watermarkly */,
				9FAACE102FFE6EDA00588F00 /* WatermarklyTests */,
				9FAACE1A2FFE6EDA00588F00 /* WatermarklyUITests */,
				9FAACDF82FFE6ED800588F00 /* Products */,
			);
			sourceTree = "<group>";
		};
		9FAACDF82FFE6ED800588F00 /* Products */ = {
			isa = PBXGroup;
			children = (
				9FAACDF72FFE6ED800588F00 /* Watermarkly.app */,
				9FAACE0D2FFE6EDA00588F00 /* WatermarklyTests.xctest */,
				9FAACE172FFE6EDA00588F00 /* WatermarklyUITests.xctest */,
			);
			name = Products;
			sourceTree = "<group>";
		};
/* End PBXGroup section */

/* Begin PBXNativeTarget section */
		9FAACDF62FFE6ED800588F00 /* Watermarkly */ = {
			isa = PBXNativeTarget;
			buildConfigurationList = 9FAACE202FFE6EDA00588F00 /* Build configuration list for PBXNativeTarget "Watermarkly" */;
			buildPhases = (
				9FAACDF32FFE6ED800588F00 /* Sources */,
				9FAACDF42FFE6ED800588F00 /* Frameworks */,
				9FAACDF52FFE6ED800588F00 /* Resources */,
			);
			buildRules = (
			);
			dependencies = (
			);
			fileSystemSynchronizedGroups = (
				9FAACDF92FFE6ED800588F00 /* Watermarkly */,
			);
			name = Watermarkly;
			packageProductDependencies = (
			);
			productName = Watermarkly;
			productReference = 9FAACDF72FFE6ED800588F00 /* Watermarkly.app */;
			productType = "com.apple.product-type.application";
		};
		9FAACE0C2FFE6EDA00588F00 /* WatermarklyTests */ = {
			isa = PBXNativeTarget;
			buildConfigurationList = 9FAACE252FFE6EDA00588F00 /* Build configuration list for PBXNativeTarget "WatermarklyTests" */;
			buildPhases = (
				9FAACE092FFE6EDA00588F00 /* Sources */,
				9FAACE0A2FFE6EDA00588F00 /* Frameworks */,
				9FAACE0B2FFE6EDA00588F00 /* Resources */,
			);
			buildRules = (
			);
			dependencies = (
				9FAACE0F2FFE6EDA00588F00 /* PBXTargetDependency */,
			);
			fileSystemSynchronizedGroups = (
				9FAACE102FFE6EDA00588F00 /* WatermarklyTests */,
			);
			name = WatermarklyTests;
			packageProductDependencies = (
			);
			productName = WatermarklyTests;
			productReference = 9FAACE0D2FFE6EDA00588F00 /* WatermarklyTests.xctest */;
			productType = "com.apple.product-type.bundle.unit-test";
		};
		9FAACE162FFE6EDA00588F00 /* WatermarklyUITests */ = {
			isa = PBXNativeTarget;
			buildConfigurationList = 9FAACE282FFE6EDA00588F00 /* Build configuration list for PBXNativeTarget "WatermarklyUITests" */;
			buildPhases = (
				9FAACE132FFE6EDA00588F00 /* Sources */,
				9FAACE142FFE6EDA00588F00 /* Frameworks */,
				9FAACE152FFE6EDA00588F00 /* Resources */,
			);
			buildRules = (
			);
			dependencies = (
				9FAACE192FFE6EDA00588F00 /* PBXTargetDependency */,
			);
			fileSystemSynchronizedGroups = (
				9FAACE1A2FFE6EDA00588F00 /* WatermarklyUITests */,
			);
			name = WatermarklyUITests;
			packageProductDependencies = (
			);
			productName = WatermarklyUITests;
			productReference = 9FAACE172FFE6EDA00588F00 /* WatermarklyUITests.xctest */;
			productType = "com.apple.product-type.bundle.ui-testing";
		};
/* End PBXNativeTarget section */

/* Begin PBXProject section */
		9FAACDEF2FFE6ED800588F00 /* Project object */ = {
			isa = PBXProject;
			attributes = {
				BuildIndependentTargetsInParallel = 1;
				LastSwiftUpdateCheck = 2640;
				LastUpgradeCheck = 2640;
				TargetAttributes = {
					9FAACDF62FFE6ED800588F00 = {
						CreatedOnToolsVersion = 26.4.1;
					};
					9FAACE0C2FFE6EDA00588F00 = {
						CreatedOnToolsVersion = 26.4.1;
						TestTargetID = 9FAACDF62FFE6ED800588F00;
					};
					9FAACE162FFE6EDA00588F00 = {
						CreatedOnToolsVersion = 26.4.1;
						TestTargetID = 9FAACDF62FFE6ED800588F00;
					};
				};
			};
			buildConfigurationList = 9FAACDF22FFE6ED800588F00 /* Build configuration list for PBXProject "Watermarkly" */;
			developmentRegion = en;
			hasScannedForEncodings = 0;
			knownRegions = (
				en,
				Base,
			);
			mainGroup = 9FAACDEE2FFE6ED800588F00;
			minimizedProjectReferenceProxies = 1;
			preferredProjectObjectVersion = 77;
			productRefGroup = 9FAACDF82FFE6ED800588F00 /* Products */;
			projectDirPath = "";
			projectRoot = "";
			targets = (
				9FAACDF62FFE6ED800588F00 /* Watermarkly */,
				9FAACE0C2FFE6EDA00588F00 /* WatermarklyTests */,
				9FAACE162FFE6EDA00588F00 /* WatermarklyUITests */,
			);
		};
/* End PBXProject section */

/* Begin PBXResourcesBuildPhase section */
		9FAACDF52FFE6ED800588F00 /* Resources */ = {
			isa = PBXResourcesBuildPhase;
			buildActionMask = 2147483647;
			files = (
			);
			runOnlyForDeploymentPostprocessing = 0;
		};
		9FAACE0B2FFE6EDA00588F00 /* Resources */ = {
			isa = PBXResourcesBuildPhase;
			buildActionMask = 2147483647;
			files = (
			);
			runOnlyForDeploymentPostprocessing = 0;
		};
		9FAACE152FFE6EDA00588F00 /* Resources */ = {
			isa = PBXResourcesBuildPhase;
			buildActionMask = 2147483647;
			files = (
			);
			runOnlyForDeploymentPostprocessing = 0;
		};
/* End PBXResourcesBuildPhase section */

/* Begin PBXSourcesBuildPhase section */
		9FAACDF32FFE6ED800588F00 /* Sources */ = {
			isa = PBXSourcesBuildPhase;
			buildActionMask = 2147483647;
			files = (
			);
			runOnlyForDeploymentPostprocessing = 0;
		};
		9FAACE092FFE6EDA00588F00 /* Sources */ = {
			isa = PBXSourcesBuildPhase;
			buildActionMask = 2147483647;
			files = (
			);
			runOnlyForDeploymentPostprocessing = 0;
		};
		9FAACE132FFE6EDA00588F00 /* Sources */ = {
			isa = PBXSourcesBuildPhase;
			buildActionMask = 2147483647;
			files = (
			);
			runOnlyForDeploymentPostprocessing = 0;
		};
/* End PBXSourcesBuildPhase section */

/* Begin PBXTargetDependency section */
		9FAACE0F2FFE6EDA00588F00 /* PBXTargetDependency */ = {
			isa = PBXTargetDependency;
			target = 9FAACDF62FFE6ED800588F00 /* Watermarkly */;
			targetProxy = 9FAACE0E2FFE6EDA00588F00 /* PBXContainerItemProxy */;
		};
		9FAACE192FFE6EDA00588F00 /* PBXTargetDependency */ = {
			isa = PBXTargetDependency;
			target = 9FAACDF62FFE6ED800588F00 /* Watermarkly */;
			targetProxy = 9FAACE182FFE6EDA00588F00 /* PBXContainerItemProxy */;
		};
/* End PBXTargetDependency section */

/* Begin XCBuildConfiguration section */
		9FAACE212FFE6EDA00588F00 /* Debug */ = {
			isa = XCBuildConfiguration;
			buildSettings = {
				ASSETCATALOG_COMPILER_APPICON_NAME = AppIcon;
				ASSETCATALOG_COMPILER_GLOBAL_ACCENT_COLOR_NAME = AccentColor;
				CODE_SIGN_STYLE = Automatic;
				CURRENT_PROJECT_VERSION = 1;
				DEVELOPMENT_TEAM = A4HN4Y8U59;
				GENERATE_INFOPLIST_FILE = YES;
				INFOPLIST_FILE = Watermarkly/Info.plist;
				INFOPLIST_KEY_UIApplicationSupportsIndirectInputEvents = YES;
				INFOPLIST_KEY_UILaunchStoryboardName = LaunchScreen;
				INFOPLIST_KEY_UISupportedInterfaceOrientations_iPad = "UIInterfaceOrientationPortrait UIInterfaceOrientationPortraitUpsideDown UIInterfaceOrientationLandscapeLeft UIInterfaceOrientationLandscapeRight";
				INFOPLIST_KEY_UISupportedInterfaceOrientations_iPhone = "UIInterfaceOrientationPortrait UIInterfaceOrientationLandscapeLeft UIInterfaceOrientationLandscapeRight";
				IPHONEOS_DEPLOYMENT_TARGET = 15.0;
				LD_RUNPATH_SEARCH_PATHS = (
					"$(inherited)",
					"@executable_path/Frameworks",
				);
				MARKETING_VERSION = 1.0;
				PRODUCT_BUNDLE_IDENTIFIER = com.zhouhai.Watermarkly;
				PRODUCT_NAME = "$(TARGET_NAME)";
				STRING_CATALOG_GENERATE_SYMBOLS = YES;
				SWIFT_APPROACHABLE_CONCURRENCY = YES;
				SWIFT_DEFAULT_ACTOR_ISOLATION = MainActor;
				SWIFT_EMIT_LOC_STRINGS = YES;
				SWIFT_UPCOMING_FEATURE_MEMBER_IMPORT_VISIBILITY = YES;
				SWIFT_VERSION = 5.0;
				TARGETED_DEVICE_FAMILY = "1,2";
			};
			name = Debug;
		};
		9FAACE222FFE6EDA00588F00 /* Release */ = {
			isa = XCBuildConfiguration;
			buildSettings = {
				ASSETCATALOG_COMPILER_APPICON_NAME = AppIcon;
				ASSETCATALOG_COMPILER_GLOBAL_ACCENT_COLOR_NAME = AccentColor;
				CODE_SIGN_STYLE = Automatic;
				CURRENT_PROJECT_VERSION = 1;
				DEVELOPMENT_TEAM = A4HN4Y8U59;
				GENERATE_INFOPLIST_FILE = YES;
				INFOPLIST_FILE = Watermarkly/Info.plist;
				INFOPLIST_KEY_UIApplicationSupportsIndirectInputEvents = YES;
				INFOPLIST_KEY_UILaunchStoryboardName = LaunchScreen;
				INFOPLIST_KEY_UISupportedInterfaceOrientations_iPad = "UIInterfaceOrientationPortrait UIInterfaceOrientationPortraitUpsideDown UIInterfaceOrientationLandscapeLeft UIInterfaceOrientationLandscapeRight";
				INFOPLIST_KEY_UISupportedInterfaceOrientations_iPhone = "UIInterfaceOrientationPortrait UIInterfaceOrientationLandscapeLeft UIInterfaceOrientationLandscapeRight";
				IPHONEOS_DEPLOYMENT_TARGET = 15.0;
				LD_RUNPATH_SEARCH_PATHS = (
					"$(inherited)",
					"@executable_path/Frameworks",
				);
				MARKETING_VERSION = 1.0;
				PRODUCT_BUNDLE_IDENTIFIER = com.zhouhai.Watermarkly;
				PRODUCT_NAME = "$(TARGET_NAME)";
				STRING_CATALOG_GENERATE_SYMBOLS = YES;
				SWIFT_APPROACHABLE_CONCURRENCY = YES;
				SWIFT_DEFAULT_ACTOR_ISOLATION = MainActor;
				SWIFT_EMIT_LOC_STRINGS = YES;
				SWIFT_UPCOMING_FEATURE_MEMBER_IMPORT_VISIBILITY = YES;
				SWIFT_VERSION = 5.0;
				TARGETED_DEVICE_FAMILY = "1,2";
			};
			name = Release;
		};
		9FAACE232FFE6EDA00588F00 /* Debug */ = {
			isa = XCBuildConfiguration;
			buildSettings = {
				ALWAYS_SEARCH_USER_PATHS = NO;
				ASSETCATALOG_COMPILER_GENERATE_SWIFT_ASSET_SYMBOL_EXTENSIONS = YES;
				CLANG_ANALYZER_NONNULL = YES;
				CLANG_ANALYZER_NUMBER_OBJECT_CONVERSION = YES_AGGRESSIVE;
				CLANG_CXX_LANGUAGE_STANDARD = "gnu++20";
				CLANG_ENABLE_MODULES = YES;
				CLANG_ENABLE_OBJC_ARC = YES;
				CLANG_ENABLE_OBJC_WEAK = YES;
				CLANG_WARN_BLOCK_CAPTURE_AUTORELEASING = YES;
				CLANG_WARN_BOOL_CONVERSION = YES;
				CLANG_WARN_COMMA = YES;
				CLANG_WARN_CONSTANT_CONVERSION = YES;
				CLANG_WARN_DEPRECATED_OBJC_IMPLEMENTATIONS = YES;
				CLANG_WARN_DIRECT_OBJC_ISA_USAGE = YES_ERROR;
				CLANG_WARN_DOCUMENTATION_COMMENTS = YES;
				CLANG_WARN_EMPTY_BODY = YES;
				CLANG_WARN_ENUM_CONVERSION = YES;
				CLANG_WARN_INFINITE_RECURSION = YES;
				CLANG_WARN_INT_CONVERSION = YES;
				CLANG_WARN_NON_LITERAL_NULL_CONVERSION = YES;
				CLANG_WARN_OBJC_IMPLICIT_RETAIN_SELF = YES;
				CLANG_WARN_OBJC_LITERAL_CONVERSION = YES;
				CLANG_WARN_OBJC_ROOT_CLASS = YES_ERROR;
				CLANG_WARN_QUOTED_INCLUDE_IN_FRAMEWORK_HEADER = YES;
				CLANG_WARN_RANGE_LOOP_ANALYSIS = YES;
				CLANG_WARN_STRICT_PROTOTYPES = YES;
				CLANG_WARN_SUSPICIOUS_MOVE = YES;
				CLANG_WARN_UNGUARDED_AVAILABILITY = YES_AGGRESSIVE;
				CLANG_WARN_UNREACHABLE_CODE = YES;
				CLANG_WARN__DUPLICATE_METHOD_MATCH = YES;
				COPY_PHASE_STRIP = NO;
				DEBUG_INFORMATION_FORMAT = dwarf;
				DEVELOPMENT_TEAM = A4HN4Y8U59;
				ENABLE_STRICT_OBJC_MSGSEND = YES;
				ENABLE_TESTABILITY = YES;
				ENABLE_USER_SCRIPT_SANDBOXING = YES;
				GCC_C_LANGUAGE_STANDARD = gnu17;
				GCC_DYNAMIC_NO_PIC = NO;
				GCC_NO_COMMON_BLOCKS = YES;
				GCC_OPTIMIZATION_LEVEL = 0;
				GCC_PREPROCESSOR_DEFINITIONS = (
					"DEBUG=1",
					"$(inherited)",
				);
				GCC_WARN_64_TO_32_BIT_CONVERSION = YES;
				GCC_WARN_ABOUT_RETURN_TYPE = YES_ERROR;
				GCC_WARN_UNDECLARED_SELECTOR = YES;
				GCC_WARN_UNINITIALIZED_AUTOS = YES_AGGRESSIVE;
				GCC_WARN_UNUSED_FUNCTION = YES;
				GCC_WARN_UNUSED_VARIABLE = YES;
				IPHONEOS_DEPLOYMENT_TARGET = 15.0;
				LOCALIZATION_PREFERS_STRING_CATALOGS = YES;
				MTL_ENABLE_DEBUG_INFO = INCLUDE_SOURCE;
				MTL_FAST_MATH = YES;
				ONLY_ACTIVE_ARCH = YES;
				SDKROOT = iphoneos;
				SWIFT_ACTIVE_COMPILATION_CONDITIONS = "DEBUG $(inherited)";
				SWIFT_OPTIMIZATION_LEVEL = "-Onone";
			};
			name = Debug;
		};
		9FAACE242FFE6EDA00588F00 /* Release */ = {
			isa = XCBuildConfiguration;
			buildSettings = {
				ALWAYS_SEARCH_USER_PATHS = NO;
				ASSETCATALOG_COMPILER_GENERATE_SWIFT_ASSET_SYMBOL_EXTENSIONS = YES;
				CLANG_ANALYZER_NONNULL = YES;
				CLANG_ANALYZER_NUMBER_OBJECT_CONVERSION = YES_AGGRESSIVE;
				CLANG_CXX_LANGUAGE_STANDARD = "gnu++20";
				CLANG_ENABLE_MODULES = YES;
				CLANG_ENABLE_OBJC_ARC = YES;
				CLANG_ENABLE_OBJC_WEAK = YES;
				CLANG_WARN_BLOCK_CAPTURE_AUTORELEASING = YES;
				CLANG_WARN_BOOL_CONVERSION = YES;
				CLANG_WARN_COMMA = YES;
				CLANG_WARN_CONSTANT_CONVERSION = YES;
				CLANG_WARN_DEPRECATED_OBJC_IMPLEMENTATIONS = YES;
				CLANG_WARN_DIRECT_OBJC_ISA_USAGE = YES_ERROR;
				CLANG_WARN_DOCUMENTATION_COMMENTS = YES;
				CLANG_WARN_EMPTY_BODY = YES;
				CLANG_WARN_ENUM_CONVERSION = YES;
				CLANG_WARN_INFINITE_RECURSION = YES;
				CLANG_WARN_INT_CONVERSION = YES;
				CLANG_WARN_NON_LITERAL_NULL_CONVERSION = YES;
				CLANG_WARN_OBJC_IMPLICIT_RETAIN_SELF = YES;
				CLANG_WARN_OBJC_LITERAL_CONVERSION = YES;
				CLANG_WARN_OBJC_ROOT_CLASS = YES_ERROR;
				CLANG_WARN_QUOTED_INCLUDE_IN_FRAMEWORK_HEADER = YES;
				CLANG_WARN_RANGE_LOOP_ANALYSIS = YES;
				CLANG_WARN_STRICT_PROTOTYPES = YES;
				CLANG_WARN_SUSPICIOUS_MOVE = YES;
				CLANG_WARN_UNGUARDED_AVAILABILITY = YES_AGGRESSIVE;
				CLANG_WARN_UNREACHABLE_CODE = YES;
				CLANG_WARN__DUPLICATE_METHOD_MATCH = YES;
				COPY_PHASE_STRIP = NO;
				DEBUG_INFORMATION_FORMAT = "dwarf-with-dsym";
				DEVELOPMENT_TEAM = A4HN4Y8U59;
				ENABLE_NS_ASSERTIONS = NO;
				ENABLE_STRICT_OBJC_MSGSEND = YES;
				ENABLE_USER_SCRIPT_SANDBOXING = YES;
				GCC_C_LANGUAGE_STANDARD = gnu17;
				GCC_NO_COMMON_BLOCKS = YES;
				GCC_WARN_64_TO_32_BIT_CONVERSION = YES;
				GCC_WARN_ABOUT_RETURN_TYPE = YES_ERROR;
				GCC_WARN_UNDECLARED_SELECTOR = YES;
				GCC_WARN_UNINITIALIZED_AUTOS = YES_AGGRESSIVE;
				GCC_WARN_UNUSED_FUNCTION = YES;
				GCC_WARN_UNUSED_VARIABLE = YES;
				IPHONEOS_DEPLOYMENT_TARGET = 15.0;
				LOCALIZATION_PREFERS_STRING_CATALOGS = YES;
				MTL_ENABLE_DEBUG_INFO = NO;
				MTL_FAST_MATH = YES;
				SDKROOT = iphoneos;
				SWIFT_COMPILATION_MODE = wholemodule;
				VALIDATE_PRODUCT = YES;
			};
			name = Release;
		};
		9FAACE262FFE6EDA00588F00 /* Debug */ = {
			isa = XCBuildConfiguration;
			buildSettings = {
				BUNDLE_LOADER = "$(TEST_HOST)";
				CODE_SIGN_STYLE = Automatic;
				CURRENT_PROJECT_VERSION = 1;
				DEVELOPMENT_TEAM = A4HN4Y8U59;
				GENERATE_INFOPLIST_FILE = YES;
				IPHONEOS_DEPLOYMENT_TARGET = 15.0;
				MARKETING_VERSION = 1.0;
				PRODUCT_BUNDLE_IDENTIFIER = com.zhouhai.WatermarklyTests;
				PRODUCT_NAME = "$(TARGET_NAME)";
				STRING_CATALOG_GENERATE_SYMBOLS = NO;
				SWIFT_APPROACHABLE_CONCURRENCY = YES;
				SWIFT_EMIT_LOC_STRINGS = NO;
				SWIFT_UPCOMING_FEATURE_MEMBER_IMPORT_VISIBILITY = YES;
				SWIFT_VERSION = 5.0;
				TARGETED_DEVICE_FAMILY = "1,2";
				TEST_HOST = "$(BUILT_PRODUCTS_DIR)/Watermarkly.app/$(BUNDLE_EXECUTABLE_FOLDER_PATH)/Watermarkly";
			};
			name = Debug;
		};
		9FAACE272FFE6EDA00588F00 /* Release */ = {
			isa = XCBuildConfiguration;
			buildSettings = {
				BUNDLE_LOADER = "$(TEST_HOST)";
				CODE_SIGN_STYLE = Automatic;
				CURRENT_PROJECT_VERSION = 1;
				DEVELOPMENT_TEAM = A4HN4Y8U59;
				GENERATE_INFOPLIST_FILE = YES;
				IPHONEOS_DEPLOYMENT_TARGET = 15.0;
				MARKETING_VERSION = 1.0;
				PRODUCT_BUNDLE_IDENTIFIER = com.zhouhai.WatermarklyTests;
				PRODUCT_NAME = "$(TARGET_NAME)";
				STRING_CATALOG_GENERATE_SYMBOLS = NO;
				SWIFT_APPROACHABLE_CONCURRENCY = YES;
				SWIFT_EMIT_LOC_STRINGS = NO;
				SWIFT_UPCOMING_FEATURE_MEMBER_IMPORT_VISIBILITY = YES;
				SWIFT_VERSION = 5.0;
				TARGETED_DEVICE_FAMILY = "1,2";
				TEST_HOST = "$(BUILT_PRODUCTS_DIR)/Watermarkly.app/$(BUNDLE_EXECUTABLE_FOLDER_PATH)/Watermarkly";
			};
			name = Release;
		};
		9FAACE292FFE6EDA00588F00 /* Debug */ = {
			isa = XCBuildConfiguration;
			buildSettings = {
				CODE_SIGN_STYLE = Automatic;
				CURRENT_PROJECT_VERSION = 1;
				DEVELOPMENT_TEAM = A4HN4Y8U59;
				GENERATE_INFOPLIST_FILE = YES;
				MARKETING_VERSION = 1.0;
				PRODUCT_BUNDLE_IDENTIFIER = com.zhouhai.WatermarklyUITests;
				PRODUCT_NAME = "$(TARGET_NAME)";
				STRING_CATALOG_GENERATE_SYMBOLS = NO;
				SWIFT_APPROACHABLE_CONCURRENCY = YES;
				SWIFT_EMIT_LOC_STRINGS = NO;
				SWIFT_UPCOMING_FEATURE_MEMBER_IMPORT_VISIBILITY = YES;
				SWIFT_VERSION = 5.0;
				TARGETED_DEVICE_FAMILY = "1,2";
				TEST_TARGET_NAME = Watermarkly;
			};
			name = Debug;
		};
		9FAACE2A2FFE6EDA00588F00 /* Release */ = {
			isa = XCBuildConfiguration;
			buildSettings = {
				CODE_SIGN_STYLE = Automatic;
				CURRENT_PROJECT_VERSION = 1;
				DEVELOPMENT_TEAM = A4HN4Y8U59;
				GENERATE_INFOPLIST_FILE = YES;
				MARKETING_VERSION = 1.0;
				PRODUCT_BUNDLE_IDENTIFIER = com.zhouhai.WatermarklyUITests;
				PRODUCT_NAME = "$(TARGET_NAME)";
				STRING_CATALOG_GENERATE_SYMBOLS = NO;
				SWIFT_APPROACHABLE_CONCURRENCY = YES;
				SWIFT_EMIT_LOC_STRINGS = NO;
				SWIFT_UPCOMING_FEATURE_MEMBER_IMPORT_VISIBILITY = YES;
				SWIFT_VERSION = 5.0;
				TARGETED_DEVICE_FAMILY = "1,2";
				TEST_TARGET_NAME = Watermarkly;
			};
			name = Release;
		};
/* End XCBuildConfiguration section */

/* Begin XCConfigurationList section */
		9FAACDF22FFE6ED800588F00 /* Build configuration list for PBXProject "Watermarkly" */ = {
			isa = XCConfigurationList;
			buildConfigurations = (
				9FAACE232FFE6EDA00588F00 /* Debug */,
				9FAACE242FFE6EDA00588F00 /* Release */,
			);
			defaultConfigurationIsVisible = 0;
			defaultConfigurationName = Release;
		};
		9FAACE202FFE6EDA00588F00 /* Build configuration list for PBXNativeTarget "Watermarkly" */ = {
			isa = XCConfigurationList;
			buildConfigurations = (
				9FAACE212FFE6EDA00588F00 /* Debug */,
				9FAACE222FFE6EDA00588F00 /* Release */,
			);
			defaultConfigurationIsVisible = 0;
			defaultConfigurationName = Release;
		};
		9FAACE252FFE6EDA00588F00 /* Build configuration list for PBXNativeTarget "WatermarklyTests" */ = {
			isa = XCConfigurationList;
			buildConfigurations = (
				9FAACE262FFE6EDA00588F00 /* Debug */,
				9FAACE272FFE6EDA00588F00 /* Release */,
			);
			defaultConfigurationIsVisible = 0;
			defaultConfigurationName = Release;
		};
		9FAACE282FFE6EDA00588F00 /* Build configuration list for PBXNativeTarget "WatermarklyUITests" */ = {
			isa = XCConfigurationList;
			buildConfigurations = (
				9FAACE292FFE6EDA00588F00 /* Debug */,
				9FAACE2A2FFE6EDA00588F00 /* Release */,
			);
			defaultConfigurationIsVisible = 0;
			defaultConfigurationName = Release;
		};
/* End XCConfigurationList section */
	};
	rootObject = 9FAACDEF2FFE6ED800588F00 /* Project object */;
}
